// !$*UTF8*$!
{
	archiveVersion = 1;
	classes = {
	};
	objectVersion = 56;
	objects = {

/* Begin PBXBuildFile section */
		0418153F2B83712A004850CC /* LICENSE.txt in Resources */ = {isa = PBXBuildFile; fileRef = 041815312B83712A004850CC /* LICENSE.txt */; };
		0418154B2B83712A004850CC /* landmarkData.json in Resources */ = {isa = PBXBuildFile; fileRef = 0418153E2B83712A004850CC /* landmarkData.json */; };
		0418154D2B837151004850CC /* Landmark.swift in Sources */ = {isa = PBXBuildFile; fileRef = 0418154C2B837151004850CC /* Landmark.swift */; };
		0418154F2B837239004850CC /* ModelData.swift in Sources */ = {isa = PBXBuildFile; fileRef = 0418154E2B837239004850CC /* ModelData.swift */; };
		041815542B8372EC004850CC /* LandmarkRow.swift in Sources */ = {isa = PBXBuildFile; fileRef = 041815532B8372EC004850CC /* LandmarkRow.swift */; };
		041815562B83736C004850CC /* LandmarkList.swift in Sources */ = {isa = PBXBuildFile; fileRef = 041815552B83736C004850CC /* LandmarkList.swift */; };
		041815582B8373D2004850CC /* LandmarkDetail.swift in Sources */ = {isa = PBXBuildFile; fileRef = 041815572B8373D2004850CC /* LandmarkDetail.swift */; };
		0418155A2B837AFB004850CC /* FavoriteButton.swift in Sources */ = {isa = PBXBuildFile; fileRef = 041815592B837AFB004850CC /* FavoriteButton.swift */; };
		0418155E2B837C60004850CC /* HexagonParameters.swift in Sources */ = {isa = PBXBuildFile; fileRef = 0418155D2B837C60004850CC /* HexagonParameters.swift */; };
		041815602B837C9D004850CC /* BadgeBackground.swift in Sources */ = {isa = PBXBuildFile; fileRef = 0418155F2B837C9D004850CC /* BadgeBackground.swift */; };
		041815622B837D10004850CC /* BadgeSymbol.swift in Sources */ = {isa = PBXBuildFile; fileRef = 041815612B837D10004850CC /* BadgeSymbol.swift */; };
		041815642B837D40004850CC /* Badge.swift in Sources */ = {isa = PBXBuildFile; fileRef = 041815632B837D40004850CC /* Badge.swift */; };
		041815672B837D7A004850CC /* RotatedBadgeSymbol.swift in Sources */ = {isa = PBXBuildFile; fileRef = 041815662B837D7A004850CC /* RotatedBadgeSymbol.swift */; };
		041815692B837E20004850CC /* hikeData.json in Resources */ = {isa = PBXBuildFile; fileRef = 041815682B837E20004850CC /* hikeData.json */; };
		0418156B2B837E3A004850CC /* Hike.swift in Sources */ = {isa = PBXBuildFile; fileRef = 0418156A2B837E3A004850CC /* Hike.swift */; };
		041815712B837E8B004850CC /* GraphCapsule.swift in Sources */ = {isa = PBXBuildFile; fileRef = 0418156D2B837E8B004850CC /* GraphCapsule.swift */; };
		041815722B837E8B004850CC /* HikeGraph.swift in Sources */ = {isa = PBXBuildFile; fileRef = 0418156E2B837E8B004850CC /* HikeGraph.swift */; };
		041815732B837E8B004850CC /* HikeDetail.swift in Sources */ = {isa = PBXBuildFile; fileRef = 0418156F2B837E8B004850CC /* HikeDetail.swift */; };
		041815742B837E8B004850CC /* HikeView.swift in Sources */ = {isa = PBXBuildFile; fileRef = 041815702B837E8B004850CC /* HikeView.swift */; };
		041815772B8380DB004850CC /* CategoryHome.swift in Sources */ = {isa = PBXBuildFile; fileRef = 041815762B8380DB004850CC /* CategoryHome.swift */; };
		041815792B838153004850CC /* CategoryRow.swift in Sources */ = {isa = PBXBuildFile; fileRef = 041815782B838153004850CC /* CategoryRow.swift */; };
		0418157B2B83818C004850CC /* CategoryItem.swift in Sources */ = {isa = PBXBuildFile; fileRef = 0418157A2B83818C004850CC /* CategoryItem.swift */; };
		0418157D2B838302004850CC /* Profile.swift in Sources */ = {isa = PBXBuildFile; fileRef = 0418157C2B838302004850CC /* Profile.swift */; };
		041815802B83832A004850CC /* ProfileHost.swift in Sources */ = {isa = PBXBuildFile; fileRef = 0418157F2B83832A004850CC /* ProfileHost.swift */; };
		041815822B838341004850CC /* ProfileSummary.swift in Sources */ = {isa = PBXBuildFile; fileRef = 041815812B838341004850CC /* ProfileSummary.swift */; };
		041815842B83837D004850CC /* HikeBadge.swift in Sources */ = {isa = PBXBuildFile; fileRef = 041815832B83837D004850CC /* HikeBadge.swift */; };
		041815862B83843F004850CC /* ProfileEditor.swift in Sources */ = {isa = PBXBuildFile; fileRef = 041815852B83843F004850CC /* ProfileEditor.swift */; };
		041815892B838557004850CC /* PageViewController.swift in Sources */ = {isa = PBXBuildFile; fileRef = 041815882B838557004850CC /* PageViewController.swift */; };
		0418158B2B8385DC004850CC /* FeatureCard.swift in Sources */ = {isa = PBXBuildFile; fileRef = 0418158A2B8385DC004850CC /* FeatureCard.swift */; };
		0418158D2B83861A004850CC /* PageView.swift in Sources */ = {isa = PBXBuildFile; fileRef = 0418158C2B83861A004850CC /* PageView.swift */; };
		0418158F2B838736004850CC /* PageControl.swift in Sources */ = {isa = PBXBuildFile; fileRef = 0418158E2B838736004850CC /* PageControl.swift */; };
		041815992B838860004850CC /* ContentView.swift in Sources */ = {isa = PBXBuildFile; fileRef = 041815982B838860004850CC /* ContentView.swift */; };
		0418159B2B838862004850CC /* Assets.xcassets in Resources */ = {isa = PBXBuildFile; fileRef = 0418159A2B838862004850CC /* Assets.xcassets */; };
		0418159E2B838862004850CC /* Preview Assets.xcassets in Resources */ = {isa = PBXBuildFile; fileRef = 0418159D2B838862004850CC /* Preview Assets.xcassets */; };
		041815A12B838862004850CC /* WatchLandmarks Watch App.app in Embed Watch Content */ = {isa = PBXBuildFile; fileRef = 041815942B838860004850CC /* WatchLandmarks Watch App.app */; settings = {ATTRIBUTES = (RemoveHeadersOnCopy, ); }; };
		046055F12B7F456D00F2B7E9 /* LandmarksApp.swift in Sources */ = {isa = PBXBuildFile; fileRef = 046055F02B7F456D00F2B7E9 /* LandmarksApp.swift */; };
		046055F32B7F456D00F2B7E9 /* ContentView.swift in Sources */ = {isa = PBXBuildFile; fileRef = 046055F22B7F456D00F2B7E9 /* ContentView.swift */; };
		046055F52B7F457000F2B7E9 /* Assets.xcassets in Resources */ = {isa = PBXBuildFile; fileRef = 046055F42B7F457000F2B7E9 /* Assets.xcassets */; };
		046055F82B7F457000F2B7E9 /* Preview Assets.xcassets in Resources */ = {isa = PBXBuildFile; fileRef = 046055F72B7F457000F2B7E9 /* Preview Assets.xcassets */; };
		046055FF2B7F492B00F2B7E9 /* CircleImage.swift in Sources */ = {isa = PBXBuildFile; fileRef = 046055FE2B7F492B00F2B7E9 /* CircleImage.swift */; };
		046056012B7F4A8700F2B7E9 /* MapView.swift in Sources */ = {isa = PBXBuildFile; fileRef = 046056002B7F4A8700F2B7E9 /* MapView.swift */; };
		3F74C1532BDA1FE80078B73A /* landmarkData.json in Resources */ = {isa = PBXBuildFile; fileRef = 0418153E2B83712A004850CC /* landmarkData.json */; };
		3F74C1542BDA1FE80078B73A /* Profile.swift in Sources */ = {isa = PBXBuildFile; fileRef = 0418157C2B838302004850CC /* Profile.swift */; };
		3F74C1552BDA1FE80078B73A /* CircleImage.swift in Sources */ = {isa = PBXBuildFile; fileRef = 046055FE2B7F492B00F2B7E9 /* CircleImage.swift */; };
		3F74C1562BDA1FE80078B73A /* LandmarkRow.swift in Sources */ = {isa = PBXBuildFile; fileRef = 041815532B8372EC004850CC /* LandmarkRow.swift */; };
		3F74C1572BDA1FE80078B73A /* LandmarksApp.swift in Sources */ = {isa = PBXBuildFile; fileRef = 046055F02B7F456D00F2B7E9 /* LandmarksApp.swift */; };
		3F74C1582BDA1FE80078B73A /* Hike.swift in Sources */ = {isa = PBXBuildFile; fileRef = 0418156A2B837E3A004850CC /* Hike.swift */; };
		3F74C1592BDA1FE80078B73A /* hikeData.json in Resources */ = {isa = PBXBuildFile; fileRef = 041815682B837E20004850CC /* hikeData.json */; };
		3F74C15A2BDA1FE80078B73A /* MapView.swift in Sources */ = {isa = PBXBuildFile; fileRef = 046056002B7F4A8700F2B7E9 /* MapView.swift */; };
		3F74C15B2BDA1FE80078B73A /* Assets.xcassets in Resources */ = {isa = PBXBuildFile; fileRef = 046055F42B7F457000F2B7E9 /* Assets.xcassets */; };
		3F74C15C2BDA1FE80078B73A /* Landmark.swift in Sources */ = {isa = PBXBuildFile; fileRef = 0418154C2B837151004850CC /* Landmark.swift */; };
		3F74C15E2BDA1FE80078B73A /* ModelData.swift in Sources */ = {isa = PBXBuildFile; fileRef = 0418154E2B837239004850CC /* ModelData.swift */; };
		3F74C1602BDA20240078B73A /* LandmarkDetail.swift in Sources */ = {isa = PBXBuildFile; fileRef = 3F74C15F2BDA20240078B73A /* LandmarkDetail.swift */; };
		3F74C1622BDA20770078B73A /* NotificationView.swift in Sources */ = {isa = PBXBuildFile; fileRef = 3F74C1612BDA20770078B73A /* NotificationView.swift */; };
		3F74C1642BDA20AD0078B73A /* NotificationController.swift in Sources */ = {isa = PBXBuildFile; fileRef = 3F74C1632BDA20AD0078B73A /* NotificationController.swift */; };
		3F74C1702BDA253F0078B73A /* ContentView.swift in Sources */ = {isa = PBXBuildFile; fileRef = 3F74C16F2BDA253F0078B73A /* ContentView.swift */; };
		3F74C1722BDA25400078B73A /* Assets.xcassets in Resources */ = {isa = PBXBuildFile; fileRef = 3F74C1712BDA25400078B73A /* Assets.xcassets */; };
		3F74C1752BDA25400078B73A /* Preview Assets.xcassets in Resources */ = {isa = PBXBuildFile; fileRef = 3F74C1742BDA25400078B73A /* Preview Assets.xcassets */; };
		3F74C17A2BDA25A60078B73A /* hikeData.json in Resources */ = {isa = PBXBuildFile; fileRef = 041815682B837E20004850CC /* hikeData.json */; };
		3F74C17B2BDA25A60078B73A /* FavoriteButton.swift in Sources */ = {isa = PBXBuildFile; fileRef = 041815592B837AFB004850CC /* FavoriteButton.swift */; };
		3F74C17C2BDA25A60078B73A /* landmarkData.json in Resources */ = {isa = PBXBuildFile; fileRef = 0418153E2B83712A004850CC /* landmarkData.json */; };
		3F74C17D2BDA25A60078B73A /* ModelData.swift in Sources */ = {isa = PBXBuildFile; fileRef = 0418154E2B837239004850CC /* ModelData.swift */; };
		3F74C17E2BDA25A60078B73A /* LandmarkRow.swift in Sources */ = {isa = PBXBuildFile; fileRef = 041815532B8372EC004850CC /* LandmarkRow.swift */; };
		3F74C17F2BDA25A60078B73A /* Hike.swift in Sources */ = {isa = PBXBuildFile; fileRef = 0418156A2B837E3A004850CC /* Hike.swift */; };
		3F74C1802BDA25A60078B73A /* MapView.swift in Sources */ = {isa = PBXBuildFile; fileRef = 046056002B7F4A8700F2B7E9 /* MapView.swift */; };
		3F74C1812BDA25A60078B73A /* CircleImage.swift in Sources */ = {isa = PBXBuildFile; fileRef = 046055FE2B7F492B00F2B7E9 /* CircleImage.swift */; };
		3F74C1822BDA25A70078B73A /* Assets.xcassets in Resources */ = {isa = PBXBuildFile; fileRef = 046055F42B7F457000F2B7E9 /* Assets.xcassets */; };
		3F74C1832BDA25A70078B73A /* LandmarksApp.swift in Sources */ = {isa = PBXBuildFile; fileRef = 046055F02B7F456D00F2B7E9 /* LandmarksApp.swift */; };
		3F74C1842BDA25A70078B73A /* Profile.swift in Sources */ = {isa = PBXBuildFile; fileRef = 0418157C2B838302004850CC /* Profile.swift */; };
		3F74C1852BDA25A70078B73A /* Landmark.swift in Sources */ = {isa = PBXBuildFile; fileRef = 0418154C2B837151004850CC /* Landmark.swift */; };
		3F74C1862BDA25A70078B73A /* LandmarkList.swift in Sources */ = {isa = PBXBuildFile; fileRef = 041815552B83736C004850CC /* LandmarkList.swift */; };
		3F74C1872BDA25AB0078B73A /* FavoriteButton.swift in Sources */ = {isa = PBXBuildFile; fileRef = 041815592B837AFB004850CC /* FavoriteButton.swift */; };
		3F74C1892BDA26B80078B73A /* LandmarkDetail.swift in Sources */ = {isa = PBXBuildFile; fileRef = 3F74C1882BDA26B80078B73A /* LandmarkDetail.swift */; };
		3F74C18B2BDA27990078B73A /* LandmarkList.swift in Sources */ = {isa = PBXBuildFile; fileRef = 3F74C18A2BDA27990078B73A /* LandmarkList.swift */; };
		3F74C18D2BDA29940078B73A /* LandmarkCommands.swift in Sources */ = {isa = PBXBuildFile; fileRef = 3F74C18C2BDA29930078B73A /* LandmarkCommands.swift */; };
		3F74C18E2BDA29940078B73A /* LandmarkCommands.swift in Sources */ = {isa = PBXBuildFile; fileRef = 3F74C18C2BDA29930078B73A /* LandmarkCommands.swift */; };
		3F74C1902BDA2AD10078B73A /* LandmarkSettings.swift in Sources */ = {isa = PBXBuildFile; fileRef = 3F74C18F2BDA2AD10078B73A /* LandmarkSettings.swift */; };
/* End PBXBuildFile section */

/* Begin PBXContainerItemProxy section */
		0418159F2B838862004850CC /* PBXContainerItemProxy */ = {
			isa = PBXContainerItemProxy;
			containerPortal = 046055E52B7F456D00F2B7E9 /* Project object */;
			proxyType = 1;
			remoteGlobalIDString = 041815932B838860004850CC;
			remoteInfo = "WatchLandmarks Watch App";
		};
/* End PBXContainerItemProxy section */

/* Begin PBXCopyFilesBuildPhase section */
		041815A52B838862004850CC /* Embed Watch Content */ = {
			isa = PBXCopyFilesBuildPhase;
			buildActionMask = 2147483647;
			dstPath = "$(CONTENTS_FOLDER_PATH)/Watch";
			dstSubfolderSpec = 16;
			files = (
				041815A12B838862004850CC /* WatchLandmarks Watch App.app in Embed Watch Content */,
			);
			name = "Embed Watch Content";
			runOnlyForDeploymentPostprocessing = 0;
		};
/* End PBXCopyFilesBuildPhase section */

/* Begin PBXFileReference section */
		041815312B83712A004850CC /* LICENSE.txt */ = {isa = PBXFileReference; fileEncoding = 4; lastKnownFileType = text; path = LICENSE.txt; sourceTree = "<group>"; };
		0418153E2B83712A004850CC /* landmarkData.json */ = {isa = PBXFileReference; fileEncoding = 4; lastKnownFileType = text.json; path = landmarkData.json; sourceTree = "<group>"; };
		0418154C2B837151004850CC /* Landmark.swift */ = {isa = PBXFileReference; lastKnownFileType = sourcecode.swift; path = Landmark.swift; sourceTree = "<group>"; };
		0418154E2B837239004850CC /* ModelData.swift */ = {isa = PBXFileReference; lastKnownFileType = sourcecode.swift; path = ModelData.swift; sourceTree = "<group>"; };
		041815532B8372EC004850CC /* LandmarkRow.swift */ = {isa = PBXFileReference; lastKnownFileType = sourcecode.swift; path = LandmarkRow.swift; sourceTree = "<group>"; };
		041815552B83736C004850CC /* LandmarkList.swift */ = {isa = PBXFileReference; lastKnownFileType = sourcecode.swift; path = LandmarkList.swift; sourceTree = "<group>"; };
		041815572B8373D2004850CC /* LandmarkDetail.swift */ = {isa = PBXFileReference; lastKnownFileType = sourcecode.swift; path = LandmarkDetail.swift; sourceTree = "<group>"; };
		041815592B837AFB004850CC /* FavoriteButton.swift */ = {isa = PBXFileReference; lastKnownFileType = sourcecode.swift; path = FavoriteButton.swift; sourceTree = "<group>"; };
		0418155D2B837C60004850CC /* HexagonParameters.swift */ = {isa = PBXFileReference; lastKnownFileType = sourcecode.swift; path = HexagonParameters.swift; sourceTree = "<group>"; };
		0418155F2B837C9D004850CC /* BadgeBackground.swift */ = {isa = PBXFileReference; lastKnownFileType = sourcecode.swift; path = BadgeBackground.swift; sourceTree = "<group>"; };
		041815612B837D10004850CC /* BadgeSymbol.swift */ = {isa = PBXFileReference; lastKnownFileType = sourcecode.swift; path = BadgeSymbol.swift; sourceTree = "<group>"; };
		041815632B837D40004850CC /* Badge.swift */ = {isa = PBXFileReference; lastKnownFileType = sourcecode.swift; path = Badge.swift; sourceTree = "<group>"; };
		041815662B837D7A004850CC /* RotatedBadgeSymbol.swift */ = {isa = PBXFileReference; lastKnownFileType = sourcecode.swift; path = RotatedBadgeSymbol.swift; sourceTree = "<group>"; };
		041815682B837E20004850CC /* hikeData.json */ = {isa = PBXFileReference; fileEncoding = 4; lastKnownFileType = text.json; path = hikeData.json; sourceTree = "<group>"; };
		0418156A2B837E3A004850CC /* Hike.swift */ = {isa = PBXFileReference; lastKnownFileType = sourcecode.swift; path = Hike.swift; sourceTree = "<group>"; };
		0418156D2B837E8B004850CC /* GraphCapsule.swift */ = {isa = PBXFileReference; fileEncoding = 4; lastKnownFileType = sourcecode.swift; path = GraphCapsule.swift; sourceTree = "<group>"; };
		0418156E2B837E8B004850CC /* HikeGraph.swift */ = {isa = PBXFileReference; fileEncoding = 4; lastKnownFileType = sourcecode.swift; path = HikeGraph.swift; sourceTree = "<group>"; };
		0418156F2B837E8B004850CC /* HikeDetail.swift */ = {isa = PBXFileReference; fileEncoding = 4; lastKnownFileType = sourcecode.swift; path = HikeDetail.swift; sourceTree = "<group>"; };
		041815702B837E8B004850CC /* HikeView.swift */ = {isa = PBXFileReference; fileEncoding = 4; lastKnownFileType = sourcecode.swift; path = HikeView.swift; sourceTree = "<group>"; };
		041815762B8380DB004850CC /* CategoryHome.swift */ = {isa = PBXFileReference; lastKnownFileType = sourcecode.swift; path = CategoryHome.swift; sourceTree = "<group>"; };
		041815782B838153004850CC /* CategoryRow.swift */ = {isa = PBXFileReference; lastKnownFileType = sourcecode.swift; path = CategoryRow.swift; sourceTree = "<group>"; };
		0418157A2B83818C004850CC /* CategoryItem.swift */ = {isa = PBXFileReference; lastKnownFileType = sourcecode.swift; path = CategoryItem.swift; sourceTree = "<group>"; };
		0418157C2B838302004850CC /* Profile.swift */ = {isa = PBXFileReference; lastKnownFileType = sourcecode.swift; path = Profile.swift; sourceTree = "<group>"; };
		0418157F2B83832A004850CC /* ProfileHost.swift */ = {isa = PBXFileReference; lastKnownFileType = sourcecode.swift; path = ProfileHost.swift; sourceTree = "<group>"; };
		041815812B838341004850CC /* ProfileSummary.swift */ = {isa = PBXFileReference; lastKnownFileType = sourcecode.swift; path = ProfileSummary.swift; sourceTree = "<group>"; };
		041815832B83837D004850CC /* HikeBadge.swift */ = {isa = PBXFileReference; lastKnownFileType = sourcecode.swift; path = HikeBadge.swift; sourceTree = "<group>"; };
		041815852B83843F004850CC /* ProfileEditor.swift */ = {isa = PBXFileReference; lastKnownFileType = sourcecode.swift; path = ProfileEditor.swift; sourceTree = "<group>"; };
		041815882B838557004850CC /* PageViewController.swift */ = {isa = PBXFileReference; lastKnownFileType = sourcecode.swift; path = PageViewController.swift; sourceTree = "<group>"; };
		0418158A2B8385DC004850CC /* FeatureCard.swift */ = {isa = PBXFileReference; lastKnownFileType = sourcecode.swift; path = FeatureCard.swift; sourceTree = "<group>"; };
		0418158C2B83861A004850CC /* PageView.swift */ = {isa = PBXFileReference; lastKnownFileType = sourcecode.swift; path = PageView.swift; sourceTree = "<group>"; };
		0418158E2B838736004850CC /* PageControl.swift */ = {isa = PBXFileReference; lastKnownFileType = sourcecode.swift; path = PageControl.swift; sourceTree = "<group>"; };
		041815942B838860004850CC /* WatchLandmarks Watch App.app */ = {isa = PBXFileReference; explicitFileType = wrapper.application; includeInIndex = 0; path = "WatchLandmarks Watch App.app"; sourceTree = BUILT_PRODUCTS_DIR; };
		041815982B838860004850CC /* ContentView.swift */ = {isa = PBXFileReference; lastKnownFileType = sourcecode.swift; path = ContentView.swift; sourceTree = "<group>"; };
		0418159A2B838862004850CC /* Assets.xcassets */ = {isa = PBXFileReference; lastKnownFileType = folder.assetcatalog; path = Assets.xcassets; sourceTree = "<group>"; };
		0418159D2B838862004850CC /* Preview Assets.xcassets */ = {isa = PBXFileReference; lastKnownFileType = folder.assetcatalog; path = "Preview Assets.xcassets"; sourceTree = "<group>"; };
		046055ED2B7F456D00F2B7E9 /* Landmarks.app */ = {isa = PBXFileReference; explicitFileType = wrapper.application; includeInIndex = 0; path = Landmarks.app; sourceTree = BUILT_PRODUCTS_DIR; };
		046055F02B7F456D00F2B7E9 /* LandmarksApp.swift */ = {isa = PBXFileReference; lastKnownFileType = sourcecode.swift; path = LandmarksApp.swift; sourceTree = "<group>"; };
		046055F22B7F456D00F2B7E9 /* ContentView.swift */ = {isa = PBXFileReference; lastKnownFileType = sourcecode.swift; path = ContentView.swift; sourceTree = "<group>"; };
		046055F42B7F457000F2B7E9 /* Assets.xcassets */ = {isa = PBXFileReference; lastKnownFileType = folder.assetcatalog; path = Assets.xcassets; sourceTree = "<group>"; };
		046055F72B7F457000F2B7E9 /* Preview Assets.xcassets */ = {isa = PBXFileReference; lastKnownFileType = folder.assetcatalog; path = "Preview Assets.xcassets"; sourceTree = "<group>"; };
		046055FE2B7F492B00F2B7E9 /* CircleImage.swift */ = {isa = PBXFileReference; lastKnownFileType = sourcecode.swift; path = CircleImage.swift; sourceTree = "<group>"; };
		046056002B7F4A8700F2B7E9 /* MapView.swift */ = {isa = PBXFileReference; lastKnownFileType = sourcecode.swift; path = MapView.swift; sourceTree = "<group>"; };
		3F74C15F2BDA20240078B73A /* LandmarkDetail.swift */ = {isa = PBXFileReference; lastKnownFileType = sourcecode.swift; path = LandmarkDetail.swift; sourceTree = "<group>"; };
		3F74C1612BDA20770078B73A /* NotificationView.swift */ = {isa = PBXFileReference; lastKnownFileType = sourcecode.swift; path = NotificationView.swift; sourceTree = "<group>"; };
		3F74C1632BDA20AD0078B73A /* NotificationController.swift */ = {isa = PBXFileReference; lastKnownFileType = sourcecode.swift; path = NotificationController.swift; sourceTree = "<group>"; };
		3F74C1652BDA21090078B73A /* PushNotificationPayload.apns */ = {isa = PBXFileReference; lastKnownFileType = text; path = PushNotificationPayload.apns; sourceTree = "<group>"; };
		3F74C16B2BDA253F0078B73A /* MacLandmarks.app */ = {isa = PBXFileReference; explicitFileType = wrapper.application; includeInIndex = 0; path = MacLandmarks.app; sourceTree = BUILT_PRODUCTS_DIR; };
		3F74C16F2BDA253F0078B73A /* ContentView.swift */ = {isa = PBXFileReference; lastKnownFileType = sourcecode.swift; path = ContentView.swift; sourceTree = "<group>"; };
		3F74C1712BDA25400078B73A /* Assets.xcassets */ = {isa = PBXFileReference; lastKnownFileType = folder.assetcatalog; path = Assets.xcassets; sourceTree = "<group>"; };
		3F74C1742BDA25400078B73A /* Preview Assets.xcassets */ = {isa = PBXFileReference; lastKnownFileType = folder.assetcatalog; path = "Preview Assets.xcassets"; sourceTree = "<group>"; };
		3F74C1762BDA25400078B73A /* MacLandmarks.entitlements */ = {isa = PBXFileReference; lastKnownFileType = text.plist.entitlements; path = MacLandmarks.entitlements; sourceTree = "<group>"; };
		3F74C1882BDA26B80078B73A /* LandmarkDetail.swift */ = {isa = PBXFileReference; lastKnownFileType = sourcecode.swift; path = LandmarkDetail.swift; sourceTree = "<group>"; };
		3F74C18A2BDA27990078B73A /* LandmarkList.swift */ = {isa = PBXFileReference; lastKnownFileType = sourcecode.swift; path = LandmarkList.swift; sourceTree = "<group>"; };
		3F74C18C2BDA29930078B73A /* LandmarkCommands.swift */ = {isa = PBXFileReference; lastKnownFileType = sourcecode.swift; path = LandmarkCommands.swift; sourceTree = "<group>"; };
		3F74C18F2BDA2AD10078B73A /* LandmarkSettings.swift */ = {isa = PBXFileReference; lastKnownFileType = sourcecode.swift; path = LandmarkSettings.swift; sourceTree = "<group>"; };
/* End PBXFileReference section */

/* Begin PBXFrameworksBuildPhase section */
		041815912B838860004850CC /* Frameworks */ = {
			isa = PBXFrameworksBuildPhase;
			buildActionMask = 2147483647;
			files = (
			);
			runOnlyForDeploymentPostprocessing = 0;
		};
		046055EA2B7F456D00F2B7E9 /* Frameworks */ = {
			isa = PBXFrameworksBuildPhase;
			buildActionMask = 2147483647;
			files = (
			);
			runOnlyForDeploymentPostprocessing = 0;
		};
		3F74C1682BDA253F0078B73A /* Frameworks */ = {
			isa = PBXFrameworksBuildPhase;
			buildActionMask = 2147483647;
			files = (
			);
			runOnlyForDeploymentPostprocessing = 0;
		};
/* End PBXFrameworksBuildPhase section */

/* Begin PBXGroup section */
		0418152F2B83712A004850CC /* Resources */ = {
			isa = PBXGroup;
			children = (
				041815302B83712A004850CC /* LICENSE */,
				041815322B83712A004850CC /* Images */,
			);
			path = Resources;
			sourceTree = "<group>";
		};
		041815302B83712A004850CC /* LICENSE */ = {
			isa = PBXGroup;
			children = (
				041815312B83712A004850CC /* LICENSE.txt */,
			);
			path = LICENSE;
			sourceTree = "<group>";
		};
		041815322B83712A004850CC /* Images */ = {
			isa = PBXGroup;
			children = (
			);
			path = Images;
			sourceTree = "<group>";
		};
		041815502B83725F004850CC /* Views */ = {
			isa = PBXGroup;
			children = (
				041815872B83853D004850CC /* PageView */,
				0418157E2B83831B004850CC /* Profiles */,
				041815752B8380C7004850CC /* Categories */,
				0418156C2B837E8B004850CC /* Hikes */,
				041815652B837D57004850CC /* Badges */,
				0418155C2B837B37004850CC /* Helper */,
				0418155B2B837B30004850CC /* Landmarks */,
				046055F22B7F456D00F2B7E9 /* ContentView.swift */,
			);
			path = Views;
			sourceTree = "<group>";
		};
		041815512B837273004850CC /* Model */ = {
			isa = PBXGroup;
			children = (
				0418154C2B837151004850CC /* Landmark.swift */,
				0418154E2B837239004850CC /* ModelData.swift */,
				0418156A2B837E3A004850CC /* Hike.swift */,
				0418157C2B838302004850CC /* Profile.swift */,
			);
			path = Model;
			sourceTree = "<group>";
		};
		041815522B837277004850CC /* Resources */ = {
			isa = PBXGroup;
			children = (
				0418153E2B83712A004850CC /* landmarkData.json */,
				041815682B837E20004850CC /* hikeData.json */,
			);
			path = Resources;
			sourceTree = "<group>";
		};
		0418155B2B837B30004850CC /* Landmarks */ = {
			isa = PBXGroup;
			children = (
				041815532B8372EC004850CC /* LandmarkRow.swift */,
				041815552B83736C004850CC /* LandmarkList.swift */,
				041815572B8373D2004850CC /* LandmarkDetail.swift */,
			);
			path = Landmarks;
			sourceTree = "<group>";
		};
		0418155C2B837B37004850CC /* Helper */ = {
			isa = PBXGroup;
			children = (
				046056002B7F4A8700F2B7E9 /* MapView.swift */,
				046055FE2B7F492B00F2B7E9 /* CircleImage.swift */,
				041815592B837AFB004850CC /* FavoriteButton.swift */,
			);
			path = Helper;
			sourceTree = "<group>";
		};
		041815652B837D57004850CC /* Badges */ = {
			isa = PBXGroup;
			children = (
				041815662B837D7A004850CC /* RotatedBadgeSymbol.swift */,
				0418155D2B837C60004850CC /* HexagonParameters.swift */,
				0418155F2B837C9D004850CC /* BadgeBackground.swift */,
				041815612B837D10004850CC /* BadgeSymbol.swift */,
				041815632B837D40004850CC /* Badge.swift */,
			);
			path = Badges;
			sourceTree = "<group>";
		};
		0418156C2B837E8B004850CC /* Hikes */ = {
			isa = PBXGroup;
			children = (
				0418156D2B837E8B004850CC /* GraphCapsule.swift */,
				0418156E2B837E8B004850CC /* HikeGraph.swift */,
				0418156F2B837E8B004850CC /* HikeDetail.swift */,
				041815702B837E8B004850CC /* HikeView.swift */,
				041815832B83837D004850CC /* HikeBadge.swift */,
			);
			path = Hikes;
			sourceTree = "<group>";
		};
		041815752B8380C7004850CC /* Categories */ = {
			isa = PBXGroup;
			children = (
				041815762B8380DB004850CC /* CategoryHome.swift */,
				041815782B838153004850CC /* CategoryRow.swift */,
				0418157A2B83818C004850CC /* CategoryItem.swift */,
			);
			path = Categories;
			sourceTree = "<group>";
		};
		0418157E2B83831B004850CC /* Profiles */ = {
			isa = PBXGroup;
			children = (
				0418157F2B83832A004850CC /* ProfileHost.swift */,
				041815812B838341004850CC /* ProfileSummary.swift */,
				041815852B83843F004850CC /* ProfileEditor.swift */,
			);
			path = Profiles;
			sourceTree = "<group>";
		};
		041815872B83853D004850CC /* PageView */ = {
			isa = PBXGroup;
			children = (
				041815882B838557004850CC /* PageViewController.swift */,
				0418158A2B8385DC004850CC /* FeatureCard.swift */,
				0418158C2B83861A004850CC /* PageView.swift */,
				0418158E2B838736004850CC /* PageControl.swift */,
			);
			path = PageView;
			sourceTree = "<group>";
		};
		041815952B838860004850CC /* WatchLandmarks Watch App */ = {
			isa = PBXGroup;
			children = (
				041815982B838860004850CC /* ContentView.swift */,
				0418159A2B838862004850CC /* Assets.xcassets */,
				0418159C2B838862004850CC /* Preview Content */,
				3F74C15F2BDA20240078B73A /* LandmarkDetail.swift */,
				3F74C1612BDA20770078B73A /* NotificationView.swift */,
				3F74C1632BDA20AD0078B73A /* NotificationController.swift */,
				3F74C1652BDA21090078B73A /* PushNotificationPayload.apns */,
				3F74C18A2BDA27990078B73A /* LandmarkList.swift */,
			);
			path = "WatchLandmarks Watch App";
			sourceTree = "<group>";
		};
		0418159C2B838862004850CC /* Preview Content */ = {
			isa = PBXGroup;
			children = (
				0418159D2B838862004850CC /* Preview Assets.xcassets */,
			);
			path = "Preview Content";
			sourceTree = "<group>";
		};
		046055E42B7F456D00F2B7E9 = {
			isa = PBXGroup;
			children = (
				046055EF2B7F456D00F2B7E9 /* Landmarks */,
				041815952B838860004850CC /* WatchLandmarks Watch App */,
				3F74C16C2BDA253F0078B73A /* MacLandmarks */,
				046055EE2B7F456D00F2B7E9 /* Products */,
			);
			sourceTree = "<group>";
		};
		046055EE2B7F456D00F2B7E9 /* Products */ = {
			isa = PBXGroup;
			children = (
				046055ED2B7F456D00F2B7E9 /* Landmarks.app */,
				041815942B838860004850CC /* WatchLandmarks Watch App.app */,
				3F74C16B2BDA253F0078B73A /* MacLandmarks.app */,
			);
			name = Products;
			sourceTree = "<group>";
		};
		046055EF2B7F456D00F2B7E9 /* Landmarks */ = {
			isa = PBXGroup;
			children = (
				046055F02B7F456D00F2B7E9 /* LandmarksApp.swift */,
				041815522B837277004850CC /* Resources */,
				041815512B837273004850CC /* Model */,
				041815502B83725F004850CC /* Views */,
				046055F42B7F457000F2B7E9 /* Assets.xcassets */,
				046055F62B7F457000F2B7E9 /* Preview Content */,
			);
			path = Landmarks;
			sourceTree = "<group>";
		};
		046055F62B7F457000F2B7E9 /* Preview Content */ = {
			isa = PBXGroup;
			children = (
				0418152F2B83712A004850CC /* Resources */,
				046055F72B7F457000F2B7E9 /* Preview Assets.xcassets */,
			);
			path = "Preview Content";
			sourceTree = "<group>";
		};
		3F74C16C2BDA253F0078B73A /* MacLandmarks */ = {
			isa = PBXGroup;
			children = (
				3F74C16F2BDA253F0078B73A /* ContentView.swift */,
				3F74C1712BDA25400078B73A /* Assets.xcassets */,
				3F74C1762BDA25400078B73A /* MacLandmarks.entitlements */,
				3F74C1732BDA25400078B73A /* Preview Content */,
				3F74C1882BDA26B80078B73A /* LandmarkDetail.swift */,
				3F74C18C2BDA29930078B73A /* LandmarkCommands.swift */,
				3F74C18F2BDA2AD10078B73A /* LandmarkSettings.swift */,
			);
			path = MacLandmarks;
			sourceTree = "<group>";
		};
		3F74C1732BDA25400078B73A /* Preview Content */ = {
			isa = PBXGroup;
			children = (
				3F74C1742BDA25400078B73A /* Preview Assets.xcassets */,
			);
			path = "Preview Content";
			sourceTree = "<group>";
		};
/* End PBXGroup section */

/* Begin PBXNativeTarget section */
		041815932B838860004850CC /* WatchLandmarks Watch App */ = {
			isa = PBXNativeTarget;
			buildConfigurationList = 041815A22B838862004850CC /* Build configuration list for PBXNativeTarget "WatchLandmarks Watch App" */;
			buildPhases = (
				041815902B838860004850CC /* Sources */,
				041815912B838860004850CC /* Frameworks */,
				041815922B838860004850CC /* Resources */,
			);
			buildRules = (
			);
			dependencies = (
			);
			name = "WatchLandmarks Watch App";
			productName = "WatchLandmarks Watch App";
			productReference = 041815942B838860004850CC /* WatchLandmarks Watch App.app */;
			productType = "com.apple.product-type.application";
		};
		046055EC2B7F456D00F2B7E9 /* Landmarks */ = {
			isa = PBXNativeTarget;
			buildConfigurationList = 046055FB2B7F457000F2B7E9 /* Build configuration list for PBXNativeTarget "Landmarks" */;
			buildPhases = (
				046055E92B7F456D00F2B7E9 /* Sources */,
				046055EA2B7F456D00F2B7E9 /* Frameworks */,
				046055EB2B7F456D00F2B7E9 /* Resources */,
				041815A52B838862004850CC /* Embed Watch Content */,
			);
			buildRules = (
			);
			dependencies = (
				041815A02B838862004850CC /* PBXTargetDependency */,
			);
			name = Landmarks;
			productName = Landmarks;
			productReference = 046055ED2B7F456D00F2B7E9 /* Landmarks.app */;
			productType = "com.apple.product-type.application";
		};
		3F74C16A2BDA253F0078B73A /* MacLandmarks */ = {
			isa = PBXNativeTarget;
			buildConfigurationList = 3F74C1772BDA25400078B73A /* Build configuration list for PBXNativeTarget "MacLandmarks" */;
			buildPhases = (
				3F74C1672BDA253F0078B73A /* Sources */,
				3F74C1682BDA253F0078B73A /* Frameworks */,
				3F74C1692BDA253F0078B73A /* Resources */,
			);
			buildRules = (
			);
			dependencies = (
			);
			name = MacLandmarks;
			productName = MacLandmarks;
			productReference = 3F74C16B2BDA253F0078B73A /* MacLandmarks.app */;
			productType = "com.apple.product-type.application";
		};
/* End PBXNativeTarget section */

/* Begin PBXProject section */
		046055E52B7F456D00F2B7E9 /* Project object */ = {
			isa = PBXProject;
			attributes = {
				BuildIndependentTargetsInParallel = 1;
				LastSwiftUpdateCheck = 1520;
				LastUpgradeCheck = 1520;
				TargetAttributes = {
					041815932B838860004850CC = {
						CreatedOnToolsVersion = 15.2;
					};
					046055EC2B7F456D00F2B7E9 = {
						CreatedOnToolsVersion = 15.2;
					};
					3F74C16A2BDA253F0078B73A = {
						CreatedOnToolsVersion = 15.2;
					};
				};
			};
			buildConfigurationList = 046055E82B7F456D00F2B7E9 /* Build configuration list for PBXProject "Landmarks" */;
			compatibilityVersion = "Xcode 14.0";
			developmentRegion = en;
			hasScannedForEncodings = 0;
			knownRegions = (
				en,
				Base,
			);
			mainGroup = 046055E42B7F456D00F2B7E9;
			productRefGroup = 046055EE2B7F456D00F2B7E9 /* Products */;
			projectDirPath = "";
			projectRoot = "";
			targets = (
				046055EC2B7F456D00F2B7E9 /* Landmarks */,
				041815932B838860004850CC /* WatchLandmarks Watch App */,
				3F74C16A2BDA253F0078B73A /* MacLandmarks */,
			);
		};
/* End PBXProject section */

/* Begin PBXResourcesBuildPhase section */
		041815922B838860004850CC /* Resources */ = {
			isa = PBXResourcesBuildPhase;
			buildActionMask = 2147483647;
			files = (
				3F74C1592BDA1FE80078B73A /* hikeData.json in Resources */,
				0418159E2B838862004850CC /* Preview Assets.xcassets in Resources */,
				0418159B2B838862004850CC /* Assets.xcassets in Resources */,
				3F74C1532BDA1FE80078B73A /* landmarkData.json in Resources */,
				3F74C15B2BDA1FE80078B73A /* Assets.xcassets in Resources */,
			);
			runOnlyForDeploymentPostprocessing = 0;
		};
		046055EB2B7F456D00F2B7E9 /* Resources */ = {
			isa = PBXResourcesBuildPhase;
			buildActionMask = 2147483647;
			files = (
				0418153F2B83712A004850CC /* LICENSE.txt in Resources */,
				046055F82B7F457000F2B7E9 /* Preview Assets.xcassets in Resources */,
				0418154B2B83712A004850CC /* landmarkData.json in Resources */,
				046055F52B7F457000F2B7E9 /* Assets.xcassets in Resources */,
				041815692B837E20004850CC /* hikeData.json in Resources */,
			);
			runOnlyForDeploymentPostprocessing = 0;
		};
		3F74C1692BDA253F0078B73A /* Resources */ = {
			isa = PBXResourcesBuildPhase;
			buildActionMask = 2147483647;
			files = (
				3F74C1752BDA25400078B73A /* Preview Assets.xcassets in Resources */,
				3F74C17C2BDA25A60078B73A /* landmarkData.json in Resources */,
				3F74C17A2BDA25A60078B73A /* hikeData.json in Resources */,
				3F74C1722BDA25400078B73A /* Assets.xcassets in Resources */,
				3F74C1822BDA25A70078B73A /* Assets.xcassets in Resources */,
			);
			runOnlyForDeploymentPostprocessing = 0;
		};
/* End PBXResourcesBuildPhase section */

/* Begin PBXSourcesBuildPhase section */
		041815902B838860004850CC /* Sources */ = {
			isa = PBXSourcesBuildPhase;
			buildActionMask = 2147483647;
			files = (
				3F74C15A2BDA1FE80078B73A /* MapView.swift in Sources */,
				3F74C1582BDA1FE80078B73A /* Hike.swift in Sources */,
				041815992B838860004850CC /* ContentView.swift in Sources */,
				3F74C15C2BDA1FE80078B73A /* Landmark.swift in Sources */,
				3F74C18B2BDA27990078B73A /* LandmarkList.swift in Sources */,
				3F74C1542BDA1FE80078B73A /* Profile.swift in Sources */,
				3F74C1562BDA1FE80078B73A /* LandmarkRow.swift in Sources */,
				3F74C15E2BDA1FE80078B73A /* ModelData.swift in Sources */,
				3F74C1572BDA1FE80078B73A /* LandmarksApp.swift in Sources */,
				3F74C1642BDA20AD0078B73A /* NotificationController.swift in Sources */,
				3F74C1552BDA1FE80078B73A /* CircleImage.swift in Sources */,
				3F74C1872BDA25AB0078B73A /* FavoriteButton.swift in Sources */,
				3F74C1602BDA20240078B73A /* LandmarkDetail.swift in Sources */,
				3F74C1622BDA20770078B73A /* NotificationView.swift in Sources */,
			);
			runOnlyForDeploymentPostprocessing = 0;
		};
		046055E92B7F456D00F2B7E9 /* Sources */ = {
			isa = PBXSourcesBuildPhase;
			buildActionMask = 2147483647;
			files = (
				041815792B838153004850CC /* CategoryRow.swift in Sources */,
				0418157D2B838302004850CC /* Profile.swift in Sources */,
				3F74C18D2BDA29940078B73A /* LandmarkCommands.swift in Sources */,
				046055F32B7F456D00F2B7E9 /* ContentView.swift in Sources */,
				041815772B8380DB004850CC /* CategoryHome.swift in Sources */,
				041815722B837E8B004850CC /* HikeGraph.swift in Sources */,
				046056012B7F4A8700F2B7E9 /* MapView.swift in Sources */,
				046055F12B7F456D00F2B7E9 /* LandmarksApp.swift in Sources */,
				041815712B837E8B004850CC /* GraphCapsule.swift in Sources */,
				0418155A2B837AFB004850CC /* FavoriteButton.swift in Sources */,
				0418155E2B837C60004850CC /* HexagonParameters.swift in Sources */,
				0418158F2B838736004850CC /* PageControl.swift in Sources */,
				0418157B2B83818C004850CC /* CategoryItem.swift in Sources */,
				041815732B837E8B004850CC /* HikeDetail.swift in Sources */,
				041815822B838341004850CC /* ProfileSummary.swift in Sources */,
				041815622B837D10004850CC /* BadgeSymbol.swift in Sources */,
				041815802B83832A004850CC /* ProfileHost.swift in Sources */,
				0418156B2B837E3A004850CC /* Hike.swift in Sources */,
				041815562B83736C004850CC /* LandmarkList.swift in Sources */,
				041815642B837D40004850CC /* Badge.swift in Sources */,
				0418158D2B83861A004850CC /* PageView.swift in Sources */,
				041815862B83843F004850CC /* ProfileEditor.swift in Sources */,
				041815672B837D7A004850CC /* RotatedBadgeSymbol.swift in Sources */,
				041815742B837E8B004850CC /* HikeView.swift in Sources */,
				0418158B2B8385DC004850CC /* FeatureCard.swift in Sources */,
				041815582B8373D2004850CC /* LandmarkDetail.swift in Sources */,
				041815892B838557004850CC /* PageViewController.swift in Sources */,
				041815602B837C9D004850CC /* BadgeBackground.swift in Sources */,
				041815842B83837D004850CC /* HikeBadge.swift in Sources */,
				046055FF2B7F492B00F2B7E9 /* CircleImage.swift in Sources */,
				0418154D2B837151004850CC /* Landmark.swift in Sources */,
				041815542B8372EC004850CC /* LandmarkRow.swift in Sources */,
				0418154F2B837239004850CC /* ModelData.swift in Sources */,
			);
			runOnlyForDeploymentPostprocessing = 0;
		};
		3F74C1672BDA253F0078B73A /* Sources */ = {
			isa = PBXSourcesBuildPhase;
			buildActionMask = 2147483647;
			files = (
				3F74C17F2BDA25A60078B73A /* Hike.swift in Sources */,
				3F74C1862BDA25A70078B73A /* LandmarkList.swift in Sources */,
				3F74C1902BDA2AD10078B73A /* LandmarkSettings.swift in Sources */,
				3F74C1802BDA25A60078B73A /* MapView.swift in Sources */,
				3F74C1702BDA253F0078B73A /* ContentView.swift in Sources */,
				3F74C18E2BDA29940078B73A /* LandmarkCommands.swift in Sources */,
				3F74C1892BDA26B80078B73A /* LandmarkDetail.swift in Sources */,
				3F74C1832BDA25A70078B73A /* LandmarksApp.swift in Sources */,
				3F74C1812BDA25A60078B73A /* CircleImage.swift in Sources */,
				3F74C17B2BDA25A60078B73A /* FavoriteButton.swift in Sources */,
				3F74C17E2BDA25A60078B73A /* LandmarkRow.swift in Sources */,
				3F74C1842BDA25A70078B73A /* Profile.swift in Sources */,
				3F74C17D2BDA25A60078B73A /* ModelData.swift in Sources */,
				3F74C1852BDA25A70078B73A /* Landmark.swift in Sources */,
			);
			runOnlyForDeploymentPostprocessing = 0;
		};
/* End PBXSourcesBuildPhase section */

/* Begin PBXTargetDependency section */
		041815A02B838862004850CC /* PBXTargetDependency */ = {
			isa = PBXTargetDependency;
			target = 041815932B838860004850CC /* WatchLandmarks Watch App */;
			targetProxy = 0418159F2B838862004850CC /* PBXContainerItemProxy */;
		};
/* End PBXTargetDependency section */

/* Begin XCBuildConfiguration section */
		041815A32B838862004850CC /* Debug */ = {
			isa = XCBuildConfiguration;
			buildSettings = {
				ASSETCATALOG_COMPILER_APPICON_NAME = AppIcon;
				ASSETCATALOG_COMPILER_GLOBAL_ACCENT_COLOR_NAME = AccentColor;
				CODE_SIGN_STYLE = Automatic;
				CURRENT_PROJECT_VERSION = 1;
				DEVELOPMENT_ASSET_PATHS = "\"WatchLandmarks Watch App/Preview Content\"";
				ENABLE_PREVIEWS = YES;
				GENERATE_INFOPLIST_FILE = YES;
				INFOPLIST_KEY_CFBundleDisplayName = WatchLandmarks;
				INFOPLIST_KEY_UISupportedInterfaceOrientations = "UIInterfaceOrientationPortrait UIInterfaceOrientationPortraitUpsideDown";
				INFOPLIST_KEY_WKCompanionAppBundleIdentifier = com.willy.Landmarks;
				INFOPLIST_KEY_WKRunsIndependentlyOfCompanionApp = YES;
				LD_RUNPATH_SEARCH_PATHS = (
					"$(inherited)",
					"@executable_path/Frameworks",
				);
				MARKETING_VERSION = 1.0;
				PRODUCT_BUNDLE_IDENTIFIER = com.willy.Landmarks.watchkitapp;
				PRODUCT_NAME = "$(TARGET_NAME)";
				SDKROOT = watchos;
				SKIP_INSTALL = YES;
				SWIFT_EMIT_LOC_STRINGS = YES;
				SWIFT_VERSION = 5.0;
				TARGETED_DEVICE_FAMILY = 4;
				WATCHOS_DEPLOYMENT_TARGET = 10.2;
			};
			name = Debug;
		};
		041815A42B838862004850CC /* Release */ = {
			isa = XCBuildConfiguration;
			buildSettings = {
				ASSETCATALOG_COMPILER_APPICON_NAME = AppIcon;
				ASSETCATALOG_COMPILER_GLOBAL_ACCENT_COLOR_NAME = AccentColor;
				CODE_SIGN_STYLE = Automatic;
				CURRENT_PROJECT_VERSION = 1;
				DEVELOPMENT_ASSET_PATHS = "\"WatchLandmarks Watch App/Preview Content\"";
				ENABLE_PREVIEWS = YES;
				GENERATE_INFOPLIST_FILE = YES;
				INFOPLIST_KEY_CFBundleDisplayName = WatchLandmarks;
				INFOPLIST_KEY_UISupportedInterfaceOrientations = "UIInterfaceOrientationPortrait UIInterfaceOrientationPortraitUpsideDown";
				INFOPLIST_KEY_WKCompanionAppBundleIdentifier = com.willy.Landmarks;
				INFOPLIST_KEY_WKRunsIndependentlyOfCompanionApp = YES;
				LD_RUNPATH_SEARCH_PATHS = (
					"$(inherited)",
					"@executable_path/Frameworks",
				);
				MARKETING_VERSION = 1.0;
				PRODUCT_BUNDLE_IDENTIFIER = com.willy.Landmarks.watchkitapp;
				PRODUCT_NAME = "$(TARGET_NAME)";
				SDKROOT = watchos;
				SKIP_INSTALL = YES;
				SWIFT_EMIT_LOC_STRINGS = YES;
				SWIFT_VERSION = 5.0;
				TARGETED_DEVICE_FAMILY = 4;
				WATCHOS_DEPLOYMENT_TARGET = 10.2;
			};
			name = Release;
		};
		046055F92B7F457000F2B7E9 /* Debug */ = {
			isa = XCBuildConfiguration;
			buildSettings = {
				ALWAYS_SEARCH_USER_PATHS = NO;
				ASSETCATALOG_COMPILER_GENERATE_SWIFT_ASSET_SYMBOL_EXTENSIONS = YES;
				CLANG_ANALYZER_NONNULL = YES;
				CLANG_ANALYZER_NUMBER_OBJECT_CONVERSION = YES_AGGRESSIVE;
				CLANG_CXX_LANGUAGE_STANDARD = "gnu++20";
				CLANG_ENABLE_MODULES = YES;
				CLANG_ENABLE_OBJC_ARC = YES;
				CLANG_ENABLE_OBJC_WEAK = YES;
				CLANG_WARN_BLOCK_CAPTURE_AUTORELEASING = YES;
				CLANG_WARN_BOOL_CONVERSION = YES;
				CLANG_WARN_COMMA = YES;
				CLANG_WARN_CONSTANT_CONVERSION = YES;
				CLANG_WARN_DEPRECATED_OBJC_IMPLEMENTATIONS = YES;
				CLANG_WARN_DIRECT_OBJC_ISA_USAGE = YES_ERROR;
				CLANG_WARN_DOCUMENTATION_COMMENTS = YES;
				CLANG_WARN_EMPTY_BODY = YES;
				CLANG_WARN_ENUM_CONVERSION = YES;
				CLANG_WARN_INFINITE_RECURSION = YES;
				CLANG_WARN_INT_CONVERSION = YES;
				CLANG_WARN_NON_LITERAL_NULL_CONVERSION = YES;
				CLANG_WARN_OBJC_IMPLICIT_RETAIN_SELF = YES;
				CLANG_WARN_OBJC_LITERAL_CONVERSION = YES;
				CLANG_WARN_OBJC_ROOT_CLASS = YES_ERROR;
				CLANG_WARN_QUOTED_INCLUDE_IN_FRAMEWORK_HEADER = YES;
				CLANG_WARN_RANGE_LOOP_ANALYSIS = YES;
				CLANG_WARN_STRICT_PROTOTYPES = YES;
				CLANG_WARN_SUSPICIOUS_MOVE = YES;
				CLANG_WARN_UNGUARDED_AVAILABILITY = YES_AGGRESSIVE;
				CLANG_WARN_UNREACHABLE_CODE = YES;
				CLANG_WARN__DUPLICATE_METHOD_MATCH = YES;
				COPY_PHASE_STRIP = NO;
				DEBUG_INFORMATION_FORMAT = dwarf;
				ENABLE_STRICT_OBJC_MSGSEND = YES;
				ENABLE_TESTABILITY = YES;
				ENABLE_USER_SCRIPT_SANDBOXING = YES;
				GCC_C_LANGUAGE_STANDARD = gnu17;
				GCC_DYNAMIC_NO_PIC = NO;
				GCC_NO_COMMON_BLOCKS = YES;
				GCC_OPTIMIZATION_LEVEL = 0;
				GCC_PREPROCESSOR_DEFINITIONS = (
					"DEBUG=1",
					"$(inherited)",
				);
				GCC_WARN_64_TO_32_BIT_CONVERSION = YES;
				GCC_WARN_ABOUT_RETURN_TYPE = YES_ERROR;
				GCC_WARN_UNDECLARED_SELECTOR = YES;
				GCC_WARN_UNINITIALIZED_AUTOS = YES_AGGRESSIVE;
				GCC_WARN_UNUSED_FUNCTION = YES;
				GCC_WARN_UNUSED_VARIABLE = YES;
				IPHONEOS_DEPLOYMENT_TARGET = 17.2;
				LOCALIZATION_PREFERS_STRING_CATALOGS = YES;
				MTL_ENABLE_DEBUG_INFO = INCLUDE_SOURCE;
				MTL_FAST_MATH = YES;
				ONLY_ACTIVE_ARCH = YES;
				SDKROOT = iphoneos;
				SWIFT_ACTIVE_COMPILATION_CONDITIONS = "DEBUG $(inherited)";
				SWIFT_OPTIMIZATION_LEVEL = "-Onone";
			};
			name = Debug;
		};
		046055FA2B7F457000F2B7E9 /* Release */ = {
			isa = XCBuildConfiguration;
			buildSettings = {
				ALWAYS_SEARCH_USER_PATHS = NO;
				ASSETCATALOG_COMPILER_GENERATE_SWIFT_ASSET_SYMBOL_EXTENSIONS = YES;
				CLANG_ANALYZER_NONNULL = YES;
				CLANG_ANALYZER_NUMBER_OBJECT_CONVERSION = YES_AGGRESSIVE;
				CLANG_CXX_LANGUAGE_STANDARD = "gnu++20";
				CLANG_ENABLE_MODULES = YES;
				CLANG_ENABLE_OBJC_ARC = YES;
				CLANG_ENABLE_OBJC_WEAK = YES;
				CLANG_WARN_BLOCK_CAPTURE_AUTORELEASING = YES;
				CLANG_WARN_BOOL_CONVERSION = YES;
				CLANG_WARN_COMMA = YES;
				CLANG_WARN_CONSTANT_CONVERSION = YES;
				CLANG_WARN_DEPRECATED_OBJC_IMPLEMENTATIONS = YES;
				CLANG_WARN_DIRECT_OBJC_ISA_USAGE = YES_ERROR;
				CLANG_WARN_DOCUMENTATION_COMMENTS = YES;
				CLANG_WARN_EMPTY_BODY = YES;
				CLANG_WARN_ENUM_CONVERSION = YES;
				CLANG_WARN_INFINITE_RECURSION = YES;
				CLANG_WARN_INT_CONVERSION = YES;
				CLANG_WARN_NON_LITERAL_NULL_CONVERSION = YES;
				CLANG_WARN_OBJC_IMPLICIT_RETAIN_SELF = YES;
				CLANG_WARN_OBJC_LITERAL_CONVERSION = YES;
				CLANG_WARN_OBJC_ROOT_CLASS = YES_ERROR;
				CLANG_WARN_QUOTED_INCLUDE_IN_FRAMEWORK_HEADER = YES;
				CLANG_WARN_RANGE_LOOP_ANALYSIS = YES;
				CLANG_WARN_STRICT_PROTOTYPES = YES;
				CLANG_WARN_SUSPICIOUS_MOVE = YES;
				CLANG_WARN_UNGUARDED_AVAILABILITY = YES_AGGRESSIVE;
				CLANG_WARN_UNREACHABLE_CODE = YES;
				CLANG_WARN__DUPLICATE_METHOD_MATCH = YES;
				COPY_PHASE_STRIP = NO;
				DEBUG_INFORMATION_FORMAT = "dwarf-with-dsym";
				ENABLE_NS_ASSERTIONS = NO;
				ENABLE_STRICT_OBJC_MSGSEND = YES;
				ENABLE_USER_SCRIPT_SANDBOXING = YES;
				GCC_C_LANGUAGE_STANDARD = gnu17;
				GCC_NO_COMMON_BLOCKS = YES;
				GCC_WARN_64_TO_32_BIT_CONVERSION = YES;
				GCC_WARN_ABOUT_RETURN_TYPE = YES_ERROR;
				GCC_WARN_UNDECLARED_SELECTOR = YES;
				GCC_WARN_UNINITIALIZED_AUTOS = YES_AGGRESSIVE;
				GCC_WARN_UNUSED_FUNCTION = YES;
				GCC_WARN_UNUSED_VARIABLE = YES;
				IPHONEOS_DEPLOYMENT_TARGET = 17.2;
				LOCALIZATION_PREFERS_STRING_CATALOGS = YES;
				MTL_ENABLE_DEBUG_INFO = NO;
				MTL_FAST_MATH = YES;
				SDKROOT = iphoneos;
				SWIFT_COMPILATION_MODE = wholemodule;
				VALIDATE_PRODUCT = YES;
			};
			name = Release;
		};
		046055FC2B7F457000F2B7E9 /* Debug */ = {
			isa = XCBuildConfiguration;
			buildSettings = {
				ALWAYS_EMBED_SWIFT_STANDARD_LIBRARIES = YES;
				ASSETCATALOG_COMPILER_APPICON_NAME = AppIcon;
				ASSETCATALOG_COMPILER_GLOBAL_ACCENT_COLOR_NAME = AccentColor;
				CODE_SIGN_STYLE = Automatic;
				CURRENT_PROJECT_VERSION = 1;
				DEVELOPMENT_ASSET_PATHS = "\"Landmarks/Preview Content\"";
				ENABLE_PREVIEWS = YES;
				GENERATE_INFOPLIST_FILE = YES;
				INFOPLIST_KEY_UIApplicationSceneManifest_Generation = YES;
				INFOPLIST_KEY_UIApplicationSupportsIndirectInputEvents = YES;
				INFOPLIST_KEY_UILaunchScreen_Generation = YES;
				INFOPLIST_KEY_UISupportedInterfaceOrientations_iPad = "UIInterfaceOrientationPortrait UIInterfaceOrientationPortraitUpsideDown UIInterfaceOrientationLandscapeLeft UIInterfaceOrientationLandscapeRight";
				INFOPLIST_KEY_UISupportedInterfaceOrientations_iPhone = "UIInterfaceOrientationPortrait UIInterfaceOrientationLandscapeLeft UIInterfaceOrientationLandscapeRight";
				LD_RUNPATH_SEARCH_PATHS = (
					"$(inherited)",
					"@executable_path/Frameworks",
				);
				MARKETING_VERSION = 1.0;
				PRODUCT_BUNDLE_IDENTIFIER = com.willy.Landmarks;
				PRODUCT_NAME = "$(TARGET_NAME)";
				SWIFT_EMIT_LOC_STRINGS = YES;
				SWIFT_VERSION = 5.0;
				TARGETED_DEVICE_FAMILY = "1,2";
			};
			name = Debug;
		};
		046055FD2B7F457000F2B7E9 /* Release */ = {
			isa = XCBuildConfiguration;
			buildSettings = {
				ALWAYS_EMBED_SWIFT_STANDARD_LIBRARIES = YES;
				ASSETCATALOG_COMPILER_APPICON_NAME = AppIcon;
				ASSETCATALOG_COMPILER_GLOBAL_ACCENT_COLOR_NAME = AccentColor;
				CODE_SIGN_STYLE = Automatic;
				CURRENT_PROJECT_VERSION = 1;
				DEVELOPMENT_ASSET_PATHS = "\"Landmarks/Preview Content\"";
				ENABLE_PREVIEWS = YES;
				GENERATE_INFOPLIST_FILE = YES;
				INFOPLIST_KEY_UIApplicationSceneManifest_Generation = YES;
				INFOPLIST_KEY_UIApplicationSupportsIndirectInputEvents = YES;
				INFOPLIST_KEY_UILaunchScreen_Generation = YES;
				INFOPLIST_KEY_UISupportedInterfaceOrientations_iPad = "UIInterfaceOrientationPortrait UIInterfaceOrientationPortraitUpsideDown UIInterfaceOrientationLandscapeLeft UIInterfaceOrientationLandscapeRight";
				INFOPLIST_KEY_UISupportedInterfaceOrientations_iPhone = "UIInterfaceOrientationPortrait UIInterfaceOrientationLandscapeLeft UIInterfaceOrientationLandscapeRight";
				LD_RUNPATH_SEARCH_PATHS = (
					"$(inherited)",
					"@executable_path/Frameworks",
				);
				MARKETING_VERSION = 1.0;
				PRODUCT_BUNDLE_IDENTIFIER = com.willy.Landmarks;
				PRODUCT_NAME = "$(TARGET_NAME)";
				SWIFT_EMIT_LOC_STRINGS = YES;
				SWIFT_VERSION = 5.0;
				TARGETED_DEVICE_FAMILY = "1,2";
			};
			name = Release;
		};
		3F74C1782BDA25400078B73A /* Debug */ = {
			isa = XCBuildConfiguration;
			buildSettings = {
				ASSETCATALOG_COMPILER_APPICON_NAME = AppIcon;
				ASSETCATALOG_COMPILER_GLOBAL_ACCENT_COLOR_NAME = AccentColor;
				CODE_SIGN_ENTITLEMENTS = MacLandmarks/MacLandmarks.entitlements;
				CODE_SIGN_STYLE = Automatic;
				COMBINE_HIDPI_IMAGES = YES;
				CURRENT_PROJECT_VERSION = 1;
				DEVELOPMENT_ASSET_PATHS = "\"MacLandmarks/Preview Content\"";
				ENABLE_PREVIEWS = YES;
				GENERATE_INFOPLIST_FILE = YES;
				INFOPLIST_KEY_NSHumanReadableCopyright = "";
				LD_RUNPATH_SEARCH_PATHS = (
					"$(inherited)",
					"@executable_path/../Frameworks",
				);
				MACOSX_DEPLOYMENT_TARGET = 14.2;
				MARKETING_VERSION = 1.0;
				PRODUCT_BUNDLE_IDENTIFIER = willyc2004.MacLandmarks;
				PRODUCT_NAME = "$(TARGET_NAME)";
				SDKROOT = macosx;
				SWIFT_EMIT_LOC_STRINGS = YES;
				SWIFT_VERSION = 5.0;
			};
			name = Debug;
		};
		3F74C1792BDA25400078B73A /* Release */ = {
			isa = XCBuildConfiguration;
			buildSettings = {
				ASSETCATALOG_COMPILER_APPICON_NAME = AppIcon;
				ASSETCATALOG_COMPILER_GLOBAL_ACCENT_COLOR_NAME = AccentColor;
				CODE_SIGN_ENTITLEMENTS = MacLandmarks/MacLandmarks.entitlements;
				CODE_SIGN_STYLE = Automatic;
				COMBINE_HIDPI_IMAGES = YES;
				CURRENT_PROJECT_VERSION = 1;
				DEVELOPMENT_ASSET_PATHS = "\"MacLandmarks/Preview Content\"";
				ENABLE_PREVIEWS = YES;
				GENERATE_INFOPLIST_FILE = YES;
				INFOPLIST_KEY_NSHumanReadableCopyright = "";
				LD_RUNPATH_SEARCH_PATHS = (
					"$(inherited)",
					"@executable_path/../Frameworks",
				);
				MACOSX_DEPLOYMENT_TARGET = 14.2;
				MARKETING_VERSION = 1.0;
				PRODUCT_BUNDLE_IDENTIFIER = willyc2004.MacLandmarks;
				PRODUCT_NAME = "$(TARGET_NAME)";
				SDKROOT = macosx;
				SWIFT_EMIT_LOC_STRINGS = YES;
				SWIFT_VERSION = 5.0;
			};
			name = Release;
		};
/* End XCBuildConfiguration section */

/* Begin XCConfigurationList section */
		041815A22B838862004850CC /* Build configuration list for PBXNativeTarget "WatchLandmarks Watch App" */ = {
			isa = XCConfigurationList;
			buildConfigurations = (
				041815A32B838862004850CC /* Debug */,
				041815A42B838862004850CC /* Release */,
			);
			defaultConfigurationIsVisible = 0;
			defaultConfigurationName = Release;
		};
		046055E82B7F456D00F2B7E9 /* Build configuration list for PBXProject "Landmarks" */ = {
			isa = XCConfigurationList;
			buildConfigurations = (
				046055F92B7F457000F2B7E9 /* Debug */,
				046055FA2B7F457000F2B7E9 /* Release */,
			);
			defaultConfigurationIsVisible = 0;
			defaultConfigurationName = Release;
		};
		046055FB2B7F457000F2B7E9 /* Build configuration list for PBXNativeTarget "Landmarks" */ = {
			isa = XCConfigurationList;
			buildConfigurations = (
				046055FC2B7F457000F2B7E9 /* Debug */,
				046055FD2B7F457000F2B7E9 /* Release */,
			);
			defaultConfigurationIsVisible = 0;
			defaultConfigurationName = Release;
		};
		3F74C1772BDA25400078B73A /* Build configuration list for PBXNativeTarget "MacLandmarks" */ = {
			isa = XCConfigurationList;
			buildConfigurations = (
				3F74C1782BDA25400078B73A /* Debug */,
				3F74C1792BDA25400078B73A /* Release */,
			);
			defaultConfigurationIsVisible = 0;
			defaultConfigurationName = Release;
		};
/* End XCConfigurationList section */
	};
	rootObject = 046055E52B7F456D00F2B7E9 /* Project object */;
}
